
Microsoft Visual Studio Solution File, Format Version 12.00
# Visual Studio Version 16
VisualStudioVersion = 16.0.31229.75
MinimumVisualStudioVersion = 10.0.40219.1
Project("{2150E333-8FDC-42A3-9474-1A3956D46DE8}") = "src", "src", "{A104A9B6-CB3F-4FD4-A640-871E50529240}"
EndProject
Project("{2150E333-8FDC-42A3-9474-1A3956D46DE8}") = "tests", "tests", "{C7E15613-3B2F-4FD6-9DE8-445CFA307CB5}"
EndProject
Project("{2150E333-8FDC-42A3-9474-1A3956D46DE8}") = "APIGateways", "APIGateways", "{447CBA77-098A-402A-8CF0-EB9BFB706134}"
EndProject
Project("{2150E333-8FDC-42A3-9474-1A3956D46DE8}") = "Services", "Services", "{F82DCB50-4807-4008-8C2F-65E60CCDD8AF}"
EndProject
Project("{2150E333-8FDC-42A3-9474-1A3956D46DE8}") = "BuildingBlocks", "BuildingBlocks", "{D07A3891-8651-4500-B7A3-FE71E08DA5AA}"
EndProject
Project("{2150E333-8FDC-42A3-9474-1A3956D46DE8}") = "AccountsServices", "AccountsServices", "{BC69CA63-9F7E-493D-8748-05EC8C963965}"
EndProject
Project("{2150E333-8FDC-42A3-9474-1A3956D46DE8}") = "CustomerServices", "CustomerServices", "{08B19644-7867-4F80-BD1B-A3312D767B98}"
EndProject
Project("{2150E333-8FDC-42A3-9474-1A3956D46DE8}") = "LoaningServices", "LoaningServices", "{DF2809A1-5BD2-438F-B9A6-A2584383EB52}"
EndProject
Project("{2150E333-8FDC-42A3-9474-1A3956D46DE8}") = "InfrastructureServices", "InfrastructureServices", "{726C516A-C9B7-4F5D-815F-A60E8514217F}"
EndProject
Project("{2150E333-8FDC-42A3-9474-1A3956D46DE8}") = "HealthServices", "HealthServices", "{FED55399-07FC-4D0C-8439-54B0215154CE}"
EndProject
Project("{2150E333-8FDC-42A3-9474-1A3956D46DE8}") = "API", "API", "{D31462E4-ACD7-4D34-8090-FD6A6F4B99CA}"
EndProject
Project("{2150E333-8FDC-42A3-9474-1A3956D46DE8}") = "Data", "Data", "{16BCAC1B-A85A-4873-BCCA-169085564208}"
EndProject
Project("{2150E333-8FDC-42A3-9474-1A3956D46DE8}") = "Domain", "Domain", "{B75467A1-FF9F-4B0B-A887-2849A07198F4}"
EndProject
Project("{2150E333-8FDC-42A3-9474-1A3956D46DE8}") = "Kubernetes", "Kubernetes", "{39889D84-906C-4002-83C8-D00B69E79F30}"
EndProject
Project("{2150E333-8FDC-42A3-9474-1A3956D46DE8}") = "Services", "Services", "{517E52B0-C73B-4583-9DEF-6BC7D83D3E11}"
EndProject
Project("{2150E333-8FDC-42A3-9474-1A3956D46DE8}") = "API", "API", "{760E41EF-AF4B-4A94-91F8-CD7D4C6393D3}"
EndProject
Project("{2150E333-8FDC-42A3-9474-1A3956D46DE8}") = "Data", "Data", "{5A783132-5675-4F54-B90B-F40E3C5CFE1B}"
EndProject
Project("{2150E333-8FDC-42A3-9474-1A3956D46DE8}") = "Domain", "Domain", "{5F4E69D3-F947-49AB-A8E8-0F2EBBCE730D}"
EndProject
Project("{2150E333-8FDC-42A3-9474-1A3956D46DE8}") = "Kubernetes", "Kubernetes", "{AF440977-9A52-432C-985A-E5C32FA49997}"
EndProject
Project("{2150E333-8FDC-42A3-9474-1A3956D46DE8}") = "Services", "Services", "{0C47411B-AD88-4534-ADB2-7B9ECA553EFF}"
EndProject
Project("{2150E333-8FDC-42A3-9474-1A3956D46DE8}") = "API", "API", "{6EC02E94-4EF9-40EE-B4AC-A50E44AEA1C2}"
EndProject
Project("{2150E333-8FDC-42A3-9474-1A3956D46DE8}") = "Data", "Data", "{A48CFF8D-13A3-4D97-B005-68907705C1D9}"
EndProject
Project("{2150E333-8FDC-42A3-9474-1A3956D46DE8}") = "Domain", "Domain", "{D3DA407B-6ABF-4DA0-B31C-60B5AA47E2C1}"
EndProject
Project("{2150E333-8FDC-42A3-9474-1A3956D46DE8}") = "Kubernetes", "Kubernetes", "{8ECC60C4-2EAC-4CE3-B560-80315979C9EB}"
EndProject
Project("{2150E333-8FDC-42A3-9474-1A3956D46DE8}") = "Services", "Services", "{BFC1728C-937F-409C-936D-5DAF12B3BDF3}"
EndProject
Project("{2150E333-8FDC-42A3-9474-1A3956D46DE8}") = "Domain", "Domain", "{23FFB50C-6ABE-4CA8-8D99-960EF9222C87}"
EndProject
Project("{2150E333-8FDC-42A3-9474-1A3956D46DE8}") = "API", "API", "{42B2D323-0A4E-4E69-A01F-0103C458FB7C}"
EndProject
Project("{2150E333-8FDC-42A3-9474-1A3956D46DE8}") = "Data", "Data", "{E4F5D87D-4CFD-4B7B-BCBF-652BE7C7FCD4}"
EndProject
Project("{2150E333-8FDC-42A3-9474-1A3956D46DE8}") = "Kubernetes", "Kubernetes", "{2FE65BB3-269D-4139-91CB-FFE9ECBCB3A2}"
EndProject
Project("{2150E333-8FDC-42A3-9474-1A3956D46DE8}") = "Services", "Services", "{12BA5DA5-88A9-43AA-8395-D1CC2AA538B3}"
EndProject
Project("{9A19103F-16F7-4668-BE54-9A1E7A4F7556}") = "Accounts.API", "src\Services\Accounts\API\Accounts.API\Accounts.API.csproj", "{929B3DEC-ADDE-4A9B-A1EC-EB39E9D44DE3}"
EndProject
Project("{9A19103F-16F7-4668-BE54-9A1E7A4F7556}") = "Accounts.Domain", "src\Services\Accounts\Domain\Accounts.Domain\Accounts.Domain.csproj", "{1C0C7BFB-7EED-46BD-B692-4422F8926867}"
EndProject
Project("{9A19103F-16F7-4668-BE54-9A1E7A4F7556}") = "Accounts.K8", "src\Services\Accounts\Kubernetes\Accounts.K8\Accounts.K8.csproj", "{38C1653D-FB4E-4F68-BBB6-2B15EE73D125}"
EndProject
Project("{9A19103F-16F7-4668-BE54-9A1E7A4F7556}") = "Accounts.Services", "src\Services\Accounts\Services\Accounts.Services\Accounts.Services.csproj", "{5C941D3F-E96C-422E-ACCC-869C6A420168}"
EndProject
Project("{9A19103F-16F7-4668-BE54-9A1E7A4F7556}") = "Customers.Data", "src\Services\Customers\Data\Customers.Data\Customers.Data.csproj", "{31E7ACE9-F9E5-47F1-8015-41B7D68C5ECB}"
EndProject
Project("{9A19103F-16F7-4668-BE54-9A1E7A4F7556}") = "Customers.Domain", "src\Services\Customers\Domain\Customers.Domain\Customers.Domain.csproj", "{3AB9D9BD-BFFB-4C75-BD81-0F325507B8C8}"
EndProject
Project("{9A19103F-16F7-4668-BE54-9A1E7A4F7556}") = "Customers.K8", "src\Services\Customers\Kubernetes\Customers.K8\Customers.K8.csproj", "{3F8C9799-C2CD-4F85-9377-9273BFB9CA62}"
EndProject
Project("{9A19103F-16F7-4668-BE54-9A1E7A4F7556}") = "Customers.Services", "src\Services\Customers\Services\Customers.Services\Customers.Services.csproj", "{4A006320-A080-4785-92F3-43645263FCEB}"
EndProject
Project("{9A19103F-16F7-4668-BE54-9A1E7A4F7556}") = "Infrastructure.Data", "src\Services\Infrastructure\Data\Infrastructure.Data\Infrastructure.Data.csproj", "{F307F8D1-5EBA-439C-A309-2B4F7BD323B8}"
EndProject
Project("{9A19103F-16F7-4668-BE54-9A1E7A4F7556}") = "Infrastructure.API", "src\Services\Infrastructure\API\Infrastructure.API\Infrastructure.API.csproj", "{2030AC79-29ED-4985-BF42-A1A38BA4912D}"
EndProject
Project("{9A19103F-16F7-4668-BE54-9A1E7A4F7556}") = "Infrastructure.Domain", "src\Services\Infrastructure\Domain\Infrastructure.Domain\Infrastructure.Domain.csproj", "{50B34412-AE83-457F-9318-EE7C93B3EFE3}"
EndProject
Project("{9A19103F-16F7-4668-BE54-9A1E7A4F7556}") = "Infrastructure.K8", "src\Services\Infrastructure\Kubernetes\Infrastructure.K8\Infrastructure.K8.csproj", "{667B4F4B-25F3-4C0C-9337-0F3CB1977993}"
EndProject
Project("{9A19103F-16F7-4668-BE54-9A1E7A4F7556}") = "Infrastructure.Services", "src\Services\Infrastructure\Services\Infrastructure.Services\Infrastructure.Services.csproj", "{C6F733CA-BF09-4A60-AF58-4D9334D86B44}"
EndProject
Project("{9A19103F-16F7-4668-BE54-9A1E7A4F7556}") = "Loaning.API", "src\Services\Loaning\API\Loaning.API\Loaning.API.csproj", "{7CE96801-E0A6-4C79-857D-1D0E21BD50EC}"
EndProject
Project("{2150E333-8FDC-42A3-9474-1A3956D46DE8}") = "LedgerServices", "LedgerServices", "{88993C04-6046-4950-980A-7EE18A6934D9}"
EndProject
Project("{2150E333-8FDC-42A3-9474-1A3956D46DE8}") = "API", "API", "{0248B0DF-251E-4BE8-BFF7-F170C08CD528}"
EndProject
Project("{2150E333-8FDC-42A3-9474-1A3956D46DE8}") = "Data", "Data", "{8A6F3DA9-21D4-49FF-A815-ADB94D5D45BA}"
EndProject
Project("{2150E333-8FDC-42A3-9474-1A3956D46DE8}") = "Domain", "Domain", "{3D4EB60A-E5E3-4543-9124-77A08F0B7FC0}"
EndProject
Project("{2150E333-8FDC-42A3-9474-1A3956D46DE8}") = "Kubernetes", "Kubernetes", "{BA5A2B1A-D187-4128-A9D4-2DF530DED64D}"
EndProject
Project("{2150E333-8FDC-42A3-9474-1A3956D46DE8}") = "Services", "Services", "{03D8C496-0FA7-480F-B78C-9A9C3BAC0ECD}"
EndProject
Project("{9A19103F-16F7-4668-BE54-9A1E7A4F7556}") = "Ledgers.API", "src\Services\Ledgers\API\Ledgers.API\Ledgers.API.csproj", "{D74838C8-4577-4AD2-9C72-9632E8E09B07}"
EndProject
Project("{9A19103F-16F7-4668-BE54-9A1E7A4F7556}") = "Ledgers.Data", "src\Services\Ledgers\Data\Ledgers.Data\Ledgers.Data.csproj", "{E1BA5D9D-DC12-4EF3-A957-9AED9CDCE7F7}"
EndProject
Project("{9A19103F-16F7-4668-BE54-9A1E7A4F7556}") = "Ledgers.Domain", "src\Services\Ledgers\Domain\Ledgers.Domain\Ledgers.Domain.csproj", "{EC736455-66A0-48D7-AE33-9001710D968C}"
EndProject
Project("{9A19103F-16F7-4668-BE54-9A1E7A4F7556}") = "Ledgers.K8", "src\Services\Ledgers\Kubernetes\Ledgers.K8\Ledgers.K8.csproj", "{3E379447-C701-4FD9-9EB6-647D358CBCA5}"
EndProject
Project("{9A19103F-16F7-4668-BE54-9A1E7A4F7556}") = "Ledgers.Services", "src\Services\Ledgers\Services\Ledgers.Services\Ledgers.Services.csproj", "{2BBF0293-6006-44B9-8365-4EE511998C56}"
EndProject
Project("{9A19103F-16F7-4668-BE54-9A1E7A4F7556}") = "Loaning.Data", "src\Services\Loaning\Data\Loaning.Data\Loaning.Data.csproj", "{ED907F5A-AB8E-4450-A8F0-8824B9990847}"
EndProject
Project("{9A19103F-16F7-4668-BE54-9A1E7A4F7556}") = "Loaning.Domain", "src\Services\Loaning\Domain\Loaning.Domain\Loaning.Domain.csproj", "{7E2210DA-F3A8-49CE-B5F9-7890C592AD2A}"
EndProject
Project("{9A19103F-16F7-4668-BE54-9A1E7A4F7556}") = "Loaning.K8", "src\Services\Loaning\Kubernetes\Loaning.K8\Loaning.K8.csproj", "{1EFC01AA-525C-42E4-9A4C-402A20388818}"
EndProject
Project("{9A19103F-16F7-4668-BE54-9A1E7A4F7556}") = "Loaning.Services", "src\Services\Loaning\Services\Loaning.Services\Loaning.Services.csproj", "{B29B712F-6707-4C54-800A-948FFF1BADE1}"
EndProject
Project("{9A19103F-16F7-4668-BE54-9A1E7A4F7556}") = "BFF.API", "src\Bffs\BFF.API\BFF.API.csproj", "{2938C1F1-DA71-405E-9F5A-0394CF5F4C85}"
EndProject
Project("{9A19103F-16F7-4668-BE54-9A1E7A4F7556}") = "BFF.K8", "src\Bffs\BFF.K8\BFF.K8.csproj", "{7993DA22-3232-489A-91B3-B2F4E66CE278}"
EndProject
Project("{2150E333-8FDC-42A3-9474-1A3956D46DE8}") = "SharedBase", "SharedBase", "{92F309F3-8AD0-41D8-8741-9B06E2375769}"
EndProject
Project("{2150E333-8FDC-42A3-9474-1A3956D46DE8}") = "EventBus", "EventBus", "{E6BF98E8-3FE9-4D87-9575-FA56A81C99F6}"
EndProject
Project("{9A19103F-16F7-4668-BE54-9A1E7A4F7556}") = "Common.Base.Shared", "src\BuildingBlocks\SharedBase\Common.Base.Shared\Common.Base.Shared.csproj", "{9D297DC0-3AF4-4D08-9B7F-027BA2412E19}"
EndProject
Project("{9A19103F-16F7-4668-BE54-9A1E7A4F7556}") = "EventBus.Common.Shared", "src\BuildingBlocks\EventBus\EventBus.Common.Shared\EventBus.Common.Shared.csproj", "{33B32917-FD94-4A85-B123-FC5D599BDD13}"
EndProject
Project("{9A19103F-16F7-4668-BE54-9A1E7A4F7556}") = "HealthUI", "src\Health\HealthUI\HealthUI.csproj", "{86355695-EE1C-4225-827B-2EE75FACF5BF}"
EndProject
Project("{9A19103F-16F7-4668-BE54-9A1E7A4F7556}") = "Customers.API", "src\Services\Customers\API\Customers.API\Customers.API.csproj", "{5C69B28C-DB88-4D53-B18F-E5FE66DAE4EF}"
EndProject
Project("{9A19103F-16F7-4668-BE54-9A1E7A4F7556}") = "Accounts.Data", "src\Services\Accounts\Data\Accounts.Domain\Accounts.Data\Accounts.Data.csproj", "{7C748940-0171-403A-BA6E-151206B62EF2}"
EndProject
Project("{2150E333-8FDC-42A3-9474-1A3956D46DE8}") = "ViewsAndDtos", "ViewsAndDtos", "{2374D031-E3A9-4A28-B206-86EAAC88CE6E}"
EndProject
Project("{9A19103F-16F7-4668-BE54-9A1E7A4F7556}") = "Customers.ViewsAndDtos", "src\BuildingBlocks\ViewsAndDtos\Customers.ViewsAndDtos\Customers.ViewsAndDtos.csproj", "{8FF66D98-F0D7-4FF9-BF08-1B5F345E9E2C}"
EndProject
Project("{9A19103F-16F7-4668-BE54-9A1E7A4F7556}") = "Common.Shared.Services", "src\BuildingBlocks\SharedBase\Common.Shared.Services\Common.Shared.Services.csproj", "{D8F8B4F5-F770-4C4E-B9AC-D665FA1947AF}"
EndProject
Project("{2150E333-8FDC-42A3-9474-1A3956D46DE8}") = "SolutionKubernetes", "SolutionKubernetes", "{132069D5-2815-4F53-8335-134AFFD08801}"
EndProject
Project("{9A19103F-16F7-4668-BE54-9A1E7A4F7556}") = "Soln.K8", "src\SolnK8\Soln.K8\Soln.K8.csproj", "{A007CABF-D948-4C8E-8FA3-015CADD06A56}"
EndProject
Project("{E53339B2-1760-4266-BCC7-CA923CBCF16C}") = "docker-compose", "docker-compose.dcproj", "{2743346B-D781-4648-AAF1-FCAD3AC3944E}"
EndProject
Project("{2150E333-8FDC-42A3-9474-1A3956D46DE8}") = ".circleci", ".circleci", "{04298CDD-D98B-411B-B589-61F2EC2BDF0F}"
	ProjectSection(SolutionItems) = preProject
		config.yaml = config.yaml
		.circleci\config.yaml = .circleci\config.yaml
	EndProjectSection
EndProject
Global
	GlobalSection(SolutionConfigurationPlatforms) = preSolution
		Debug|Any CPU = Debug|Any CPU
		Release|Any CPU = Release|Any CPU
	EndGlobalSection
	GlobalSection(ProjectConfigurationPlatforms) = postSolution
		{929B3DEC-ADDE-4A9B-A1EC-EB39E9D44DE3}.Debug|Any CPU.ActiveCfg = Debug|Any CPU
		{929B3DEC-ADDE-4A9B-A1EC-EB39E9D44DE3}.Debug|Any CPU.Build.0 = Debug|Any CPU
		{929B3DEC-ADDE-4A9B-A1EC-EB39E9D44DE3}.Release|Any CPU.ActiveCfg = Release|Any CPU
		{929B3DEC-ADDE-4A9B-A1EC-EB39E9D44DE3}.Release|Any CPU.Build.0 = Release|Any CPU
		{1C0C7BFB-7EED-46BD-B692-4422F8926867}.Debug|Any CPU.ActiveCfg = Debug|Any CPU
		{1C0C7BFB-7EED-46BD-B692-4422F8926867}.Debug|Any CPU.Build.0 = Debug|Any CPU
		{1C0C7BFB-7EED-46BD-B692-4422F8926867}.Release|Any CPU.ActiveCfg = Release|Any CPU
		{1C0C7BFB-7EED-46BD-B692-4422F8926867}.Release|Any CPU.Build.0 = Release|Any CPU
		{38C1653D-FB4E-4F68-BBB6-2B15EE73D125}.Debug|Any CPU.ActiveCfg = Debug|Any CPU
		{38C1653D-FB4E-4F68-BBB6-2B15EE73D125}.Debug|Any CPU.Build.0 = Debug|Any CPU
		{38C1653D-FB4E-4F68-BBB6-2B15EE73D125}.Release|Any CPU.ActiveCfg = Release|Any CPU
		{38C1653D-FB4E-4F68-BBB6-2B15EE73D125}.Release|Any CPU.Build.0 = Release|Any CPU
		{5C941D3F-E96C-422E-ACCC-869C6A420168}.Debug|Any CPU.ActiveCfg = Debug|Any CPU
		{5C941D3F-E96C-422E-ACCC-869C6A420168}.Debug|Any CPU.Build.0 = Debug|Any CPU
		{5C941D3F-E96C-422E-ACCC-869C6A420168}.Release|Any CPU.ActiveCfg = Release|Any CPU
		{5C941D3F-E96C-422E-ACCC-869C6A420168}.Release|Any CPU.Build.0 = Release|Any CPU
		{31E7ACE9-F9E5-47F1-8015-41B7D68C5ECB}.Debug|Any CPU.ActiveCfg = Debug|Any CPU
		{31E7ACE9-F9E5-47F1-8015-41B7D68C5ECB}.Debug|Any CPU.Build.0 = Debug|Any CPU
		{31E7ACE9-F9E5-47F1-8015-41B7D68C5ECB}.Release|Any CPU.ActiveCfg = Release|Any CPU
		{31E7ACE9-F9E5-47F1-8015-41B7D68C5ECB}.Release|Any CPU.Build.0 = Release|Any CPU
		{3AB9D9BD-BFFB-4C75-BD81-0F325507B8C8}.Debug|Any CPU.ActiveCfg = Debug|Any CPU
		{3AB9D9BD-BFFB-4C75-BD81-0F325507B8C8}.Debug|Any CPU.Build.0 = Debug|Any CPU
		{3AB9D9BD-BFFB-4C75-BD81-0F325507B8C8}.Release|Any CPU.ActiveCfg = Release|Any CPU
		{3AB9D9BD-BFFB-4C75-BD81-0F325507B8C8}.Release|Any CPU.Build.0 = Release|Any CPU
		{3F8C9799-C2CD-4F85-9377-9273BFB9CA62}.Debug|Any CPU.ActiveCfg = Debug|Any CPU
		{3F8C9799-C2CD-4F85-9377-9273BFB9CA62}.Debug|Any CPU.Build.0 = Debug|Any CPU
		{3F8C9799-C2CD-4F85-9377-9273BFB9CA62}.Release|Any CPU.ActiveCfg = Release|Any CPU
		{3F8C9799-C2CD-4F85-9377-9273BFB9CA62}.Release|Any CPU.Build.0 = Release|Any CPU
		{4A006320-A080-4785-92F3-43645263FCEB}.Debug|Any CPU.ActiveCfg = Debug|Any CPU
		{4A006320-A080-4785-92F3-43645263FCEB}.Debug|Any CPU.Build.0 = Debug|Any CPU
		{4A006320-A080-4785-92F3-43645263FCEB}.Release|Any CPU.ActiveCfg = Release|Any CPU
		{4A006320-A080-4785-92F3-43645263FCEB}.Release|Any CPU.Build.0 = Release|Any CPU
		{F307F8D1-5EBA-439C-A309-2B4F7BD323B8}.Debug|Any CPU.ActiveCfg = Debug|Any CPU
		{F307F8D1-5EBA-439C-A309-2B4F7BD323B8}.Debug|Any CPU.Build.0 = Debug|Any CPU
		{F307F8D1-5EBA-439C-A309-2B4F7BD323B8}.Release|Any CPU.ActiveCfg = Release|Any CPU
		{F307F8D1-5EBA-439C-A309-2B4F7BD323B8}.Release|Any CPU.Build.0 = Release|Any CPU
		{2030AC79-29ED-4985-BF42-A1A38BA4912D}.Debug|Any CPU.ActiveCfg = Debug|Any CPU
		{2030AC79-29ED-4985-BF42-A1A38BA4912D}.Debug|Any CPU.Build.0 = Debug|Any CPU
		{2030AC79-29ED-4985-BF42-A1A38BA4912D}.Release|Any CPU.ActiveCfg = Release|Any CPU
		{2030AC79-29ED-4985-BF42-A1A38BA4912D}.Release|Any CPU.Build.0 = Release|Any CPU
		{50B34412-AE83-457F-9318-EE7C93B3EFE3}.Debug|Any CPU.ActiveCfg = Debug|Any CPU
		{50B34412-AE83-457F-9318-EE7C93B3EFE3}.Debug|Any CPU.Build.0 = Debug|Any CPU
		{50B34412-AE83-457F-9318-EE7C93B3EFE3}.Release|Any CPU.ActiveCfg = Release|Any CPU
		{50B34412-AE83-457F-9318-EE7C93B3EFE3}.Release|Any CPU.Build.0 = Release|Any CPU
		{667B4F4B-25F3-4C0C-9337-0F3CB1977993}.Debug|Any CPU.ActiveCfg = Debug|Any CPU
		{667B4F4B-25F3-4C0C-9337-0F3CB1977993}.Debug|Any CPU.Build.0 = Debug|Any CPU
		{667B4F4B-25F3-4C0C-9337-0F3CB1977993}.Release|Any CPU.ActiveCfg = Release|Any CPU
		{667B4F4B-25F3-4C0C-9337-0F3CB1977993}.Release|Any CPU.Build.0 = Release|Any CPU
		{C6F733CA-BF09-4A60-AF58-4D9334D86B44}.Debug|Any CPU.ActiveCfg = Debug|Any CPU
		{C6F733CA-BF09-4A60-AF58-4D9334D86B44}.Debug|Any CPU.Build.0 = Debug|Any CPU
		{C6F733CA-BF09-4A60-AF58-4D9334D86B44}.Release|Any CPU.ActiveCfg = Release|Any CPU
		{C6F733CA-BF09-4A60-AF58-4D9334D86B44}.Release|Any CPU.Build.0 = Release|Any CPU
		{7CE96801-E0A6-4C79-857D-1D0E21BD50EC}.Debug|Any CPU.ActiveCfg = Debug|Any CPU
		{7CE96801-E0A6-4C79-857D-1D0E21BD50EC}.Debug|Any CPU.Build.0 = Debug|Any CPU
		{7CE96801-E0A6-4C79-857D-1D0E21BD50EC}.Release|Any CPU.ActiveCfg = Release|Any CPU
		{7CE96801-E0A6-4C79-857D-1D0E21BD50EC}.Release|Any CPU.Build.0 = Release|Any CPU
		{D74838C8-4577-4AD2-9C72-9632E8E09B07}.Debug|Any CPU.ActiveCfg = Debug|Any CPU
		{D74838C8-4577-4AD2-9C72-9632E8E09B07}.Debug|Any CPU.Build.0 = Debug|Any CPU
		{D74838C8-4577-4AD2-9C72-9632E8E09B07}.Release|Any CPU.ActiveCfg = Release|Any CPU
		{D74838C8-4577-4AD2-9C72-9632E8E09B07}.Release|Any CPU.Build.0 = Release|Any CPU
		{E1BA5D9D-DC12-4EF3-A957-9AED9CDCE7F7}.Debug|Any CPU.ActiveCfg = Debug|Any CPU
		{E1BA5D9D-DC12-4EF3-A957-9AED9CDCE7F7}.Debug|Any CPU.Build.0 = Debug|Any CPU
		{E1BA5D9D-DC12-4EF3-A957-9AED9CDCE7F7}.Release|Any CPU.ActiveCfg = Release|Any CPU
		{E1BA5D9D-DC12-4EF3-A957-9AED9CDCE7F7}.Release|Any CPU.Build.0 = Release|Any CPU
		{EC736455-66A0-48D7-AE33-9001710D968C}.Debug|Any CPU.ActiveCfg = Debug|Any CPU
		{EC736455-66A0-48D7-AE33-9001710D968C}.Debug|Any CPU.Build.0 = Debug|Any CPU
		{EC736455-66A0-48D7-AE33-9001710D968C}.Release|Any CPU.ActiveCfg = Release|Any CPU
		{EC736455-66A0-48D7-AE33-9001710D968C}.Release|Any CPU.Build.0 = Release|Any CPU
		{3E379447-C701-4FD9-9EB6-647D358CBCA5}.Debug|Any CPU.ActiveCfg = Debug|Any CPU
		{3E379447-C701-4FD9-9EB6-647D358CBCA5}.Debug|Any CPU.Build.0 = Debug|Any CPU
		{3E379447-C701-4FD9-9EB6-647D358CBCA5}.Release|Any CPU.ActiveCfg = Release|Any CPU
		{3E379447-C701-4FD9-9EB6-647D358CBCA5}.Release|Any CPU.Build.0 = Release|Any CPU
		{2BBF0293-6006-44B9-8365-4EE511998C56}.Debug|Any CPU.ActiveCfg = Debug|Any CPU
		{2BBF0293-6006-44B9-8365-4EE511998C56}.Debug|Any CPU.Build.0 = Debug|Any CPU
		{2BBF0293-6006-44B9-8365-4EE511998C56}.Release|Any CPU.ActiveCfg = Release|Any CPU
		{2BBF0293-6006-44B9-8365-4EE511998C56}.Release|Any CPU.Build.0 = Release|Any CPU
		{ED907F5A-AB8E-4450-A8F0-8824B9990847}.Debug|Any CPU.ActiveCfg = Debug|Any CPU
		{ED907F5A-AB8E-4450-A8F0-8824B9990847}.Debug|Any CPU.Build.0 = Debug|Any CPU
		{ED907F5A-AB8E-4450-A8F0-8824B9990847}.Release|Any CPU.ActiveCfg = Release|Any CPU
		{ED907F5A-AB8E-4450-A8F0-8824B9990847}.Release|Any CPU.Build.0 = Release|Any CPU
		{7E2210DA-F3A8-49CE-B5F9-7890C592AD2A}.Debug|Any CPU.ActiveCfg = Debug|Any CPU
		{7E2210DA-F3A8-49CE-B5F9-7890C592AD2A}.Debug|Any CPU.Build.0 = Debug|Any CPU
		{7E2210DA-F3A8-49CE-B5F9-7890C592AD2A}.Release|Any CPU.ActiveCfg = Release|Any CPU
		{7E2210DA-F3A8-49CE-B5F9-7890C592AD2A}.Release|Any CPU.Build.0 = Release|Any CPU
		{1EFC01AA-525C-42E4-9A4C-402A20388818}.Debug|Any CPU.ActiveCfg = Debug|Any CPU
		{1EFC01AA-525C-42E4-9A4C-402A20388818}.Debug|Any CPU.Build.0 = Debug|Any CPU
		{1EFC01AA-525C-42E4-9A4C-402A20388818}.Release|Any CPU.ActiveCfg = Release|Any CPU
		{1EFC01AA-525C-42E4-9A4C-402A20388818}.Release|Any CPU.Build.0 = Release|Any CPU
		{B29B712F-6707-4C54-800A-948FFF1BADE1}.Debug|Any CPU.ActiveCfg = Debug|Any CPU
		{B29B712F-6707-4C54-800A-948FFF1BADE1}.Debug|Any CPU.Build.0 = Debug|Any CPU
		{B29B712F-6707-4C54-800A-948FFF1BADE1}.Release|Any CPU.ActiveCfg = Release|Any CPU
		{B29B712F-6707-4C54-800A-948FFF1BADE1}.Release|Any CPU.Build.0 = Release|Any CPU
		{2938C1F1-DA71-405E-9F5A-0394CF5F4C85}.Debug|Any CPU.ActiveCfg = Debug|Any CPU
		{2938C1F1-DA71-405E-9F5A-0394CF5F4C85}.Debug|Any CPU.Build.0 = Debug|Any CPU
		{2938C1F1-DA71-405E-9F5A-0394CF5F4C85}.Release|Any CPU.ActiveCfg = Release|Any CPU
		{2938C1F1-DA71-405E-9F5A-0394CF5F4C85}.Release|Any CPU.Build.0 = Release|Any CPU
		{7993DA22-3232-489A-91B3-B2F4E66CE278}.Debug|Any CPU.ActiveCfg = Debug|Any CPU
		{7993DA22-3232-489A-91B3-B2F4E66CE278}.Debug|Any CPU.Build.0 = Debug|Any CPU
		{7993DA22-3232-489A-91B3-B2F4E66CE278}.Release|Any CPU.ActiveCfg = Release|Any CPU
		{7993DA22-3232-489A-91B3-B2F4E66CE278}.Release|Any CPU.Build.0 = Release|Any CPU
		{9D297DC0-3AF4-4D08-9B7F-027BA2412E19}.Debug|Any CPU.ActiveCfg = Debug|Any CPU
		{9D297DC0-3AF4-4D08-9B7F-027BA2412E19}.Debug|Any CPU.Build.0 = Debug|Any CPU
		{9D297DC0-3AF4-4D08-9B7F-027BA2412E19}.Release|Any CPU.ActiveCfg = Release|Any CPU
		{9D297DC0-3AF4-4D08-9B7F-027BA2412E19}.Release|Any CPU.Build.0 = Release|Any CPU
		{33B32917-FD94-4A85-B123-FC5D599BDD13}.Debug|Any CPU.ActiveCfg = Debug|Any CPU
		{33B32917-FD94-4A85-B123-FC5D599BDD13}.Debug|Any CPU.Build.0 = Debug|Any CPU
		{33B32917-FD94-4A85-B123-FC5D599BDD13}.Release|Any CPU.ActiveCfg = Release|Any CPU
		{33B32917-FD94-4A85-B123-FC5D599BDD13}.Release|Any CPU.Build.0 = Release|Any CPU
		{86355695-EE1C-4225-827B-2EE75FACF5BF}.Debug|Any CPU.ActiveCfg = Debug|Any CPU
		{86355695-EE1C-4225-827B-2EE75FACF5BF}.Debug|Any CPU.Build.0 = Debug|Any CPU
		{86355695-EE1C-4225-827B-2EE75FACF5BF}.Release|Any CPU.ActiveCfg = Release|Any CPU
		{86355695-EE1C-4225-827B-2EE75FACF5BF}.Release|Any CPU.Build.0 = Release|Any CPU
		{5C69B28C-DB88-4D53-B18F-E5FE66DAE4EF}.Debug|Any CPU.ActiveCfg = Debug|Any CPU
		{5C69B28C-DB88-4D53-B18F-E5FE66DAE4EF}.Debug|Any CPU.Build.0 = Debug|Any CPU
		{5C69B28C-DB88-4D53-B18F-E5FE66DAE4EF}.Release|Any CPU.ActiveCfg = Release|Any CPU
		{5C69B28C-DB88-4D53-B18F-E5FE66DAE4EF}.Release|Any CPU.Build.0 = Release|Any CPU
		{7C748940-0171-403A-BA6E-151206B62EF2}.Debug|Any CPU.ActiveCfg = Debug|Any CPU
		{7C748940-0171-403A-BA6E-151206B62EF2}.Debug|Any CPU.Build.0 = Debug|Any CPU
		{7C748940-0171-403A-BA6E-151206B62EF2}.Release|Any CPU.ActiveCfg = Release|Any CPU
		{7C748940-0171-403A-BA6E-151206B62EF2}.Release|Any CPU.Build.0 = Release|Any CPU
		{8FF66D98-F0D7-4FF9-BF08-1B5F345E9E2C}.Debug|Any CPU.ActiveCfg = Debug|Any CPU
		{8FF66D98-F0D7-4FF9-BF08-1B5F345E9E2C}.Debug|Any CPU.Build.0 = Debug|Any CPU
		{8FF66D98-F0D7-4FF9-BF08-1B5F345E9E2C}.Release|Any CPU.ActiveCfg = Release|Any CPU
		{8FF66D98-F0D7-4FF9-BF08-1B5F345E9E2C}.Release|Any CPU.Build.0 = Release|Any CPU
		{D8F8B4F5-F770-4C4E-B9AC-D665FA1947AF}.Debug|Any CPU.ActiveCfg = Debug|Any CPU
		{D8F8B4F5-F770-4C4E-B9AC-D665FA1947AF}.Debug|Any CPU.Build.0 = Debug|Any CPU
		{D8F8B4F5-F770-4C4E-B9AC-D665FA1947AF}.Release|Any CPU.ActiveCfg = Release|Any CPU
		{D8F8B4F5-F770-4C4E-B9AC-D665FA1947AF}.Release|Any CPU.Build.0 = Release|Any CPU
		{A007CABF-D948-4C8E-8FA3-015CADD06A56}.Debug|Any CPU.ActiveCfg = Debug|Any CPU
		{A007CABF-D948-4C8E-8FA3-015CADD06A56}.Debug|Any CPU.Build.0 = Debug|Any CPU
		{A007CABF-D948-4C8E-8FA3-015CADD06A56}.Release|Any CPU.ActiveCfg = Release|Any CPU
		{A007CABF-D948-4C8E-8FA3-015CADD06A56}.Release|Any CPU.Build.0 = Release|Any CPU
		{2743346B-D781-4648-AAF1-FCAD3AC3944E}.Debug|Any CPU.ActiveCfg = Debug|Any CPU
		{2743346B-D781-4648-AAF1-FCAD3AC3944E}.Debug|Any CPU.Build.0 = Debug|Any CPU
		{2743346B-D781-4648-AAF1-FCAD3AC3944E}.Release|Any CPU.ActiveCfg = Release|Any CPU
		{2743346B-D781-4648-AAF1-FCAD3AC3944E}.Release|Any CPU.Build.0 = Release|Any CPU
	EndGlobalSection
	GlobalSection(SolutionProperties) = preSolution
		HideSolutionNode = FALSE
	EndGlobalSection
	GlobalSection(NestedProjects) = preSolution
		{447CBA77-098A-402A-8CF0-EB9BFB706134} = {A104A9B6-CB3F-4FD4-A640-871E50529240}
		{F82DCB50-4807-4008-8C2F-65E60CCDD8AF} = {A104A9B6-CB3F-4FD4-A640-871E50529240}
		{D07A3891-8651-4500-B7A3-FE71E08DA5AA} = {A104A9B6-CB3F-4FD4-A640-871E50529240}
		{BC69CA63-9F7E-493D-8748-05EC8C963965} = {F82DCB50-4807-4008-8C2F-65E60CCDD8AF}
		{08B19644-7867-4F80-BD1B-A3312D767B98} = {F82DCB50-4807-4008-8C2F-65E60CCDD8AF}
		{DF2809A1-5BD2-438F-B9A6-A2584383EB52} = {F82DCB50-4807-4008-8C2F-65E60CCDD8AF}
		{726C516A-C9B7-4F5D-815F-A60E8514217F} = {F82DCB50-4807-4008-8C2F-65E60CCDD8AF}
		{FED55399-07FC-4D0C-8439-54B0215154CE} = {F82DCB50-4807-4008-8C2F-65E60CCDD8AF}
		{D31462E4-ACD7-4D34-8090-FD6A6F4B99CA} = {BC69CA63-9F7E-493D-8748-05EC8C963965}
		{16BCAC1B-A85A-4873-BCCA-169085564208} = {BC69CA63-9F7E-493D-8748-05EC8C963965}
		{B75467A1-FF9F-4B0B-A887-2849A07198F4} = {BC69CA63-9F7E-493D-8748-05EC8C963965}
		{39889D84-906C-4002-83C8-D00B69E79F30} = {BC69CA63-9F7E-493D-8748-05EC8C963965}
		{517E52B0-C73B-4583-9DEF-6BC7D83D3E11} = {BC69CA63-9F7E-493D-8748-05EC8C963965}
		{760E41EF-AF4B-4A94-91F8-CD7D4C6393D3} = {08B19644-7867-4F80-BD1B-A3312D767B98}
		{5A783132-5675-4F54-B90B-F40E3C5CFE1B} = {08B19644-7867-4F80-BD1B-A3312D767B98}
		{5F4E69D3-F947-49AB-A8E8-0F2EBBCE730D} = {08B19644-7867-4F80-BD1B-A3312D767B98}
		{AF440977-9A52-432C-985A-E5C32FA49997} = {08B19644-7867-4F80-BD1B-A3312D767B98}
		{0C47411B-AD88-4534-ADB2-7B9ECA553EFF} = {08B19644-7867-4F80-BD1B-A3312D767B98}
		{6EC02E94-4EF9-40EE-B4AC-A50E44AEA1C2} = {DF2809A1-5BD2-438F-B9A6-A2584383EB52}
		{A48CFF8D-13A3-4D97-B005-68907705C1D9} = {DF2809A1-5BD2-438F-B9A6-A2584383EB52}
		{D3DA407B-6ABF-4DA0-B31C-60B5AA47E2C1} = {DF2809A1-5BD2-438F-B9A6-A2584383EB52}
		{8ECC60C4-2EAC-4CE3-B560-80315979C9EB} = {DF2809A1-5BD2-438F-B9A6-A2584383EB52}
		{BFC1728C-937F-409C-936D-5DAF12B3BDF3} = {DF2809A1-5BD2-438F-B9A6-A2584383EB52}
		{23FFB50C-6ABE-4CA8-8D99-960EF9222C87} = {726C516A-C9B7-4F5D-815F-A60E8514217F}
		{42B2D323-0A4E-4E69-A01F-0103C458FB7C} = {726C516A-C9B7-4F5D-815F-A60E8514217F}
		{E4F5D87D-4CFD-4B7B-BCBF-652BE7C7FCD4} = {726C516A-C9B7-4F5D-815F-A60E8514217F}
		{2FE65BB3-269D-4139-91CB-FFE9ECBCB3A2} = {726C516A-C9B7-4F5D-815F-A60E8514217F}
		{12BA5DA5-88A9-43AA-8395-D1CC2AA538B3} = {726C516A-C9B7-4F5D-815F-A60E8514217F}
		{929B3DEC-ADDE-4A9B-A1EC-EB39E9D44DE3} = {D31462E4-ACD7-4D34-8090-FD6A6F4B99CA}
		{1C0C7BFB-7EED-46BD-B692-4422F8926867} = {B75467A1-FF9F-4B0B-A887-2849A07198F4}
		{38C1653D-FB4E-4F68-BBB6-2B15EE73D125} = {39889D84-906C-4002-83C8-D00B69E79F30}
		{5C941D3F-E96C-422E-ACCC-869C6A420168} = {517E52B0-C73B-4583-9DEF-6BC7D83D3E11}
		{31E7ACE9-F9E5-47F1-8015-41B7D68C5ECB} = {5A783132-5675-4F54-B90B-F40E3C5CFE1B}
		{3AB9D9BD-BFFB-4C75-BD81-0F325507B8C8} = {5F4E69D3-F947-49AB-A8E8-0F2EBBCE730D}
		{3F8C9799-C2CD-4F85-9377-9273BFB9CA62} = {AF440977-9A52-432C-985A-E5C32FA49997}
		{4A006320-A080-4785-92F3-43645263FCEB} = {0C47411B-AD88-4534-ADB2-7B9ECA553EFF}
		{F307F8D1-5EBA-439C-A309-2B4F7BD323B8} = {E4F5D87D-4CFD-4B7B-BCBF-652BE7C7FCD4}
		{2030AC79-29ED-4985-BF42-A1A38BA4912D} = {42B2D323-0A4E-4E69-A01F-0103C458FB7C}
		{50B34412-AE83-457F-9318-EE7C93B3EFE3} = {23FFB50C-6ABE-4CA8-8D99-960EF9222C87}
		{667B4F4B-25F3-4C0C-9337-0F3CB1977993} = {2FE65BB3-269D-4139-91CB-FFE9ECBCB3A2}
		{C6F733CA-BF09-4A60-AF58-4D9334D86B44} = {12BA5DA5-88A9-43AA-8395-D1CC2AA538B3}
		{7CE96801-E0A6-4C79-857D-1D0E21BD50EC} = {6EC02E94-4EF9-40EE-B4AC-A50E44AEA1C2}
		{88993C04-6046-4950-980A-7EE18A6934D9} = {F82DCB50-4807-4008-8C2F-65E60CCDD8AF}
		{0248B0DF-251E-4BE8-BFF7-F170C08CD528} = {88993C04-6046-4950-980A-7EE18A6934D9}
		{8A6F3DA9-21D4-49FF-A815-ADB94D5D45BA} = {88993C04-6046-4950-980A-7EE18A6934D9}
		{3D4EB60A-E5E3-4543-9124-77A08F0B7FC0} = {88993C04-6046-4950-980A-7EE18A6934D9}
		{BA5A2B1A-D187-4128-A9D4-2DF530DED64D} = {88993C04-6046-4950-980A-7EE18A6934D9}
		{03D8C496-0FA7-480F-B78C-9A9C3BAC0ECD} = {88993C04-6046-4950-980A-7EE18A6934D9}
		{D74838C8-4577-4AD2-9C72-9632E8E09B07} = {0248B0DF-251E-4BE8-BFF7-F170C08CD528}
		{E1BA5D9D-DC12-4EF3-A957-9AED9CDCE7F7} = {8A6F3DA9-21D4-49FF-A815-ADB94D5D45BA}
		{EC736455-66A0-48D7-AE33-9001710D968C} = {3D4EB60A-E5E3-4543-9124-77A08F0B7FC0}
		{3E379447-C701-4FD9-9EB6-647D358CBCA5} = {BA5A2B1A-D187-4128-A9D4-2DF530DED64D}
		{2BBF0293-6006-44B9-8365-4EE511998C56} = {03D8C496-0FA7-480F-B78C-9A9C3BAC0ECD}
		{ED907F5A-AB8E-4450-A8F0-8824B9990847} = {A48CFF8D-13A3-4D97-B005-68907705C1D9}
		{7E2210DA-F3A8-49CE-B5F9-7890C592AD2A} = {D3DA407B-6ABF-4DA0-B31C-60B5AA47E2C1}
		{1EFC01AA-525C-42E4-9A4C-402A20388818} = {8ECC60C4-2EAC-4CE3-B560-80315979C9EB}
		{B29B712F-6707-4C54-800A-948FFF1BADE1} = {BFC1728C-937F-409C-936D-5DAF12B3BDF3}
		{2938C1F1-DA71-405E-9F5A-0394CF5F4C85} = {447CBA77-098A-402A-8CF0-EB9BFB706134}
		{7993DA22-3232-489A-91B3-B2F4E66CE278} = {447CBA77-098A-402A-8CF0-EB9BFB706134}
		{92F309F3-8AD0-41D8-8741-9B06E2375769} = {D07A3891-8651-4500-B7A3-FE71E08DA5AA}
		{E6BF98E8-3FE9-4D87-9575-FA56A81C99F6} = {D07A3891-8651-4500-B7A3-FE71E08DA5AA}
		{9D297DC0-3AF4-4D08-9B7F-027BA2412E19} = {92F309F3-8AD0-41D8-8741-9B06E2375769}
		{33B32917-FD94-4A85-B123-FC5D599BDD13} = {E6BF98E8-3FE9-4D87-9575-FA56A81C99F6}
		{86355695-EE1C-4225-827B-2EE75FACF5BF} = {FED55399-07FC-4D0C-8439-54B0215154CE}
		{5C69B28C-DB88-4D53-B18F-E5FE66DAE4EF} = {760E41EF-AF4B-4A94-91F8-CD7D4C6393D3}
		{7C748940-0171-403A-BA6E-151206B62EF2} = {16BCAC1B-A85A-4873-BCCA-169085564208}
		{2374D031-E3A9-4A28-B206-86EAAC88CE6E} = {D07A3891-8651-4500-B7A3-FE71E08DA5AA}
		{8FF66D98-F0D7-4FF9-BF08-1B5F345E9E2C} = {2374D031-E3A9-4A28-B206-86EAAC88CE6E}
		{D8F8B4F5-F770-4C4E-B9AC-D665FA1947AF} = {92F309F3-8AD0-41D8-8741-9B06E2375769}
		{132069D5-2815-4F53-8335-134AFFD08801} = {A104A9B6-CB3F-4FD4-A640-871E50529240}
		{A007CABF-D948-4C8E-8FA3-015CADD06A56} = {132069D5-2815-4F53-8335-134AFFD08801}
	EndGlobalSection
	GlobalSection(ExtensibilityGlobals) = postSolution
		SolutionGuid = {F2D9A57E-7780-4020-AD93-54893C091611}
	EndGlobalSection
EndGlobal
